
Microsoft Visual Studio Solution File, Format Version 12.00
# Visual Studio 2013
VisualStudioVersion = 12.0.21005.1
MinimumVisualStudioVersion = 10.0.40219.1
Project("{FAE04EC0-301F-11D3-BF4B-00C04F79EFBC}") = "DotMapReduce", "..\DotMapReduce\DotMapReduce.csproj", "{EB15D02F-4A3B-48A0-BA9E-FB87C910D2F2}"
EndProject
Project("{FAE04EC0-301F-11D3-BF4B-00C04F79EFBC}") = "DotMapReduce.Tests", "..\DotMapReduce.Tests\DotMapReduce.Tests.csproj", "{2DFF76A7-C32C-4520-99A3-DD6A2C5DEFFE}"
EndProject
Global
	GlobalSection(SolutionConfigurationPlatforms) = preSolution
		Debug|Any CPU = Debug|Any CPU
		Release|Any CPU = Release|Any CPU
	EndGlobalSection
	GlobalSection(ProjectConfigurationPlatforms) = postSolution
		{EB15D02F-4A3B-48A0-BA9E-FB87C910D2F2}.Debug|Any CPU.ActiveCfg = Debug|Any CPU
		{EB15D02F-4A3B-48A0-BA9E-FB87C910D2F2}.Debug|Any CPU.Build.0 = Debug|Any CPU
		{EB15D02F-4A3B-48A0-BA9E-FB87C910D2F2}.Release|Any CPU.ActiveCfg = Release|Any CPU
		{EB15D02F-4A3B-48A0-BA9E-FB87C910D2F2}.Release|Any CPU.Build.0 = Release|Any CPU
		{2DFF76A7-C32C-4520-99A3-DD6A2C5DEFFE}.Debug|Any CPU.ActiveCfg = Debug|Any CPU
		{2DFF76A7-C32C-4520-99A3-DD6A2C5DEFFE}.Debug|Any CPU.Build.0 = Debug|Any CPU
		{2DFF76A7-C32C-4520-99A3-DD6A2C5DEFFE}.Release|Any CPU.ActiveCfg = Release|Any CPU
		{2DFF76A7-C32C-4520-99A3-DD6A2C5DEFFE}.Release|Any CPU.Build.0 = Release|Any CPU
	EndGlobalSection
	GlobalSection(SolutionProperties) = preSolution
		HideSolutionNode = FALSE
	EndGlobalSection
EndGlobal
